
Microsoft Visual Studio Solution File, Format Version 12.00
# Visual Studio Version 16
VisualStudioVersion = 16.0.30503.244
MinimumVisualStudioVersion = 10.0.40219.1
Project("{9A19103F-16F7-4668-BE54-9A1E7A4F7556}") = "Eisstockbahnen", "src\Eisstockbahnen\Eisstockbahnen.csproj", "{E9FA2FAF-AC56-4DFD-8852-525107D49593}"
EndProject
Project("{FAE04EC0-301F-11D3-BF4B-00C04F79EFBC}") = "EisstockbahnenWebModel", "src\EisstockbahnenWebModel\EisstockbahnenWebModel.csproj", "{E4FBCE1D-697A-4DEF-AFC7-DD89CFC1515F}"
EndProject
Global
	GlobalSection(SolutionConfigurationPlatforms) = preSolution
		Debug|Any CPU = Debug|Any CPU
		Release|Any CPU = Release|Any CPU
	EndGlobalSection
	GlobalSection(ProjectConfigurationPlatforms) = postSolution
		{E9FA2FAF-AC56-4DFD-8852-525107D49593}.Debug|Any CPU.ActiveCfg = Debug|Any CPU
		{E9FA2FAF-AC56-4DFD-8852-525107D49593}.Debug|Any CPU.Build.0 = Debug|Any CPU
		{E9FA2FAF-AC56-4DFD-8852-525107D49593}.Release|Any CPU.ActiveCfg = Release|Any CPU
		{E9FA2FAF-AC56-4DFD-8852-525107D49593}.Release|Any CPU.Build.0 = Release|Any CPU
		{E4FBCE1D-697A-4DEF-AFC7-DD89CFC1515F}.Debug|Any CPU.ActiveCfg = Debug|Any CPU
		{E4FBCE1D-697A-4DEF-AFC7-DD89CFC1515F}.Debug|Any CPU.Build.0 = Debug|Any CPU
		{E4FBCE1D-697A-4DEF-AFC7-DD89CFC1515F}.Release|Any CPU.ActiveCfg = Release|Any CPU
		{E4FBCE1D-697A-4DEF-AFC7-DD89CFC1515F}.Release|Any CPU.Build.0 = Release|Any CPU
	EndGlobalSection
	GlobalSection(SolutionProperties) = preSolution
		HideSolutionNode = FALSE
	EndGlobalSection
	GlobalSection(ExtensibilityGlobals) = postSolution
		SolutionGuid = {A5A5CFFA-A657-4D16-BFB7-98611B5EB4B2}
	EndGlobalSection
EndGlobal
